
Microsoft Visual Studio Solution File, Format Version 12.00
# Visual Studio Version 17
VisualStudioVersion = 17.8.34316.72
MinimumVisualStudioVersion = 10.0.40219.1
Project("{FAE04EC0-301F-11D3-BF4B-00C04F79EFBC}") = "WebApplication5", "WebApplication5\WebApplication5.csproj", "{19DE2FCD-0C5E-4D70-8072-E6498C20BC65}"
EndProject
Global
	GlobalSection(SolutionConfigurationPlatforms) = preSolution
		Debug|Any CPU = Debug|Any CPU
		Release|Any CPU = Release|Any CPU
	EndGlobalSection
	GlobalSection(ProjectConfigurationPlatforms) = postSolution
		{19DE2FCD-0C5E-4D70-8072-E6498C20BC65}.Debug|Any CPU.ActiveCfg = Debug|Any CPU
		{19DE2FCD-0C5E-4D70-8072-E6498C20BC65}.Debug|Any CPU.Build.0 = Debug|Any CPU
		{19DE2FCD-0C5E-4D70-8072-E6498C20BC65}.Release|Any CPU.ActiveCfg = Release|Any CPU
		{19DE2FCD-0C5E-4D70-8072-E6498C20BC65}.Release|Any CPU.Build.0 = Release|Any CPU
	EndGlobalSection
	GlobalSection(SolutionProperties) = preSolution
		HideSolutionNode = FALSE
	EndGlobalSection
	GlobalSection(ExtensibilityGlobals) = postSolution
		SolutionGuid = {6AD966DD-BB9F-4217-B5A1-FC2C2276C61D}
	EndGlobalSection
EndGlobal
